PODS:
  - Flutter (1.0.0)
  - flutter_azure_speech (0.0.2):
    - Flutter
    - MicrosoftCognitiveServicesSpeech-iOS (~> 1.37.0)
  - integration_test (0.0.1):
    - Flutter
  - MicrosoftCognitiveServicesSpeech-iOS (1.37.0)

DEPENDENCIES:
  - Flutter (from `Flutter`)
  - flutter_azure_speech (from `.symlinks/plugins/flutter_azure_speech/ios`)
  - integration_test (from `.symlinks/plugins/integration_test/ios`)

SPEC REPOS:
  trunk:
    - MicrosoftCognitiveServicesSpeech-iOS

EXTERNAL SOURCES:
  Flutter:
    :path: Flutter
  flutter_azure_speech:
    :path: ".symlinks/plugins/flutter_azure_speech/ios"
  integration_test:
    :path: ".symlinks/plugins/integration_test/ios"

SPEC CHECKSUMS:
  Flutter: e0871f40cf51350855a761d2e70bf5af5b9b5de7
  flutter_azure_speech: fcb614cb762f8d07e87a7f69e30ca7315db8275e
  integration_test: ce0a3ffa1de96d1a89ca0ac26fca7ea18a749ef4
  MicrosoftCognitiveServicesSpeech-iOS: 766852ccd56e0c74bafbe9ea7033083c5f748d04

PODFILE CHECKSUM: 7be2f5f74864d463a8ad433546ed1de7e0f29aef

COCOAPODS: 1.15.2
